<Solution>
  <Folder Name="/Solution Items/">
    <File Path=".editorconfig"/>
    <File Path=".gitattributes"/>
    <File Path=".gitignore"/>
    <File Path=".markdownlint.json"/>
    <File Path="Directory.Build.props"/>
    <File Path="Directory.Packages.props"/>
    <File Path="global.json"/>
    <File Path="LICENSE"/>
    <File Path="Nuget.config"/>
  </Folder>
  <Folder Name="/Solution Items/.github/">
    <File Path=".github/dependabot.yml"/>
  </Folder>
  <Folder Name="/Solution Items/.github/workflows/">
    <File Path=".github/workflows/ci.yml"/>
    <File Path=".github/workflows/publish.yml"/>
  </Folder>
  <Folder Name="/src/">
    <Project Path="src/ProjGraph.Core/ProjGraph.Core.csproj" />
    <Project Path="src/ProjGraph.Lib/ProjGraph.Lib.csproj" />
    <Project Path="src/ProjGraph.Cli/ProjGraph.Cli.csproj" />
    <Project Path="src/ProjGraph.Mcp/ProjGraph.Mcp.csproj" />
  </Folder>
  <Folder Name="/tests/">
    <Project Path="tests/ProjGraph.Tests.Unit/ProjGraph.Tests.Unit.csproj" />
    <Project Path="tests/ProjGraph.Tests.Integration/ProjGraph.Tests.Integration.csproj" />
    <Project Path="tests/ProjGraph.Tests.Contract/ProjGraph.Tests.Contract.csproj" />
  </Folder>
</Solution>
